// !$*UTF8*$!
{
	archiveVersion = 1;
	classes = {
	};
	objectVersion = 46;
	objects = {

/* Begin PBXBuildFile section */
		D0B97FFE145600A800D444B2 /* UIKit.framework in Frameworks */ = {isa = PBXBuildFile; fileRef = D0B97FFD145600A800D444B2 /* UIKit.framework */; };
		D0B98000145600A800D444B2 /* Foundation.framework in Frameworks */ = {isa = PBXBuildFile; fileRef = D0B97FFF145600A800D444B2 /* Foundation.framework */; };
		D0B98002145600A800D444B2 /* CoreGraphics.framework in Frameworks */ = {isa = PBXBuildFile; fileRef = D0B98001145600A800D444B2 /* CoreGraphics.framework */; };
		D0B98008145600A800D444B2 /* InfoPlist.strings in Resources */ = {isa = PBXBuildFile; fileRef = D0B98006145600A800D444B2 /* InfoPlist.strings */; };
		D0B9800A145600A800D444B2 /* main.m in Sources */ = {isa = PBXBuildFile; fileRef = D0B98009145600A800D444B2 /* main.m */; };
		D0B9800E145600A800D444B2 /* HBAppDelegate.m in Sources */ = {isa = PBXBuildFile; fileRef = D0B9800D145600A800D444B2 /* HBAppDelegate.m */; };
/* End PBXBuildFile section */

/* Begin PBXFileReference section */
		D0B97FF9145600A800D444B2 /* CustomTabBar.app */ = {isa = PBXFileReference; explicitFileType = wrapper.application; includeInIndex = 0; path = CustomTabBar.app; sourceTree = BUILT_PRODUCTS_DIR; };
		D0B97FFD145600A800D444B2 /* UIKit.framework */ = {isa = PBXFileReference; lastKnownFileType = wrapper.framework; name = UIKit.framework; path = System/Library/Frameworks/UIKit.framework; sourceTree = SDKROOT; };
		D0B97FFF145600A800D444B2 /* Foundation.framework */ = {isa = PBXFileReference; lastKnownFileType = wrapper.framework; name = Foundation.framework; path = System/Library/Frameworks/Foundation.framework; sourceTree = SDKROOT; };
		D0B98001145600A800D444B2 /* CoreGraphics.framework */ = {isa = PBXFileReference; lastKnownFileType = wrapper.framework; name = CoreGraphics.framework; path = System/Library/Frameworks/CoreGraphics.framework; sourceTree = SDKROOT; };
		D0B98005145600A800D444B2 /* CustomTabBar-Info.plist */ = {isa = PBXFileReference; path = "CustomTabBar-Info.plist"; sourceTree = "<group>"; };
		D0B98007145600A800D444B2 /* en */ = {isa = PBXFileReference; lastKnownFileType = text.plist.strings; name = en; path = en.lproj/InfoPlist.strings; sourceTree = "<group>"; };
		D0B98009145600A800D444B2 /* main.m */ = {isa = PBXFileReference; lastKnownFileType = sourcecode.c.objc; path = main.m; sourceTree = "<group>"; };
		D0B9800B145600A800D444B2 /* CustomTabBar-Prefix.pch */ = {isa = PBXFileReference; path = "CustomTabBar-Prefix.pch"; sourceTree = "<group>"; };
		D0B9800C145600A800D444B2 /* HBAppDelegate.h */ = {isa = PBXFileReference; path = HBAppDelegate.h; sourceTree = "<group>"; };
		D0B9800D145600A800D444B2 /* HBAppDelegate.m */ = {isa = PBXFileReference; lastKnownFileType = sourcecode.c.objc; path = HBAppDelegate.m; sourceTree = "<group>"; };
/* End PBXFileReference section */

/* Begin PBXFrameworksBuildPhase section */
		D0B97FF6145600A800D444B2 /* Frameworks */ = {
			isa = PBXFrameworksBuildPhase;
			buildActionMask = 2147483647;
			files = (
				D0B97FFE145600A800D444B2 /* UIKit.framework in Frameworks */,
				D0B98000145600A800D444B2 /* Foundation.framework in Frameworks */,
				D0B98002145600A800D444B2 /* CoreGraphics.framework in Frameworks */,
			);
			runOnlyForDeploymentPostprocessing = 0;
		};
/* End PBXFrameworksBuildPhase section */

/* Begin PBXGroup section */
		D0B97FEE145600A800D444B2 = {
			isa = PBXGroup;
			children = (
				D0B98003145600A800D444B2 /* CustomTabBar */,
				D0B97FFC145600A800D444B2 /* Frameworks */,
				D0B97FFA145600A800D444B2 /* Products */,
			);
			sourceTree = "<group>";
		};
		D0B97FFA145600A800D444B2 /* Products */ = {
			isa = PBXGroup;
			children = (
				D0B97FF9145600A800D444B2 /* CustomTabBar.app */,
			);
			name = Products;
			sourceTree = "<group>";
		};
		D0B97FFC145600A800D444B2 /* Frameworks */ = {
			isa = PBXGroup;
			children = (
				D0B97FFD145600A800D444B2 /* UIKit.framework */,
				D0B97FFF145600A800D444B2 /* Foundation.framework */,
				D0B98001145600A800D444B2 /* CoreGraphics.framework */,
			);
			name = Frameworks;
			sourceTree = "<group>";
		};
		D0B98003145600A800D444B2 /* CustomTabBar */ = {
			isa = PBXGroup;
			children = (
				D0B9800C145600A800D444B2 /* HBAppDelegate.h */,
				D0B9800D145600A800D444B2 /* HBAppDelegate.m */,
				D0B98004145600A800D444B2 /* Supporting Files */,
			);
			path = CustomTabBar;
			sourceTree = "<group>";
		};
		D0B98004145600A800D444B2 /* Supporting Files */ = {
			isa = PBXGroup;
			children = (
				D0B98005145600A800D444B2 /* CustomTabBar-Info.plist */,
				D0B98006145600A800D444B2 /* InfoPlist.strings */,
				D0B98009145600A800D444B2 /* main.m */,
				D0B9800B145600A800D444B2 /* CustomTabBar-Prefix.pch */,
			);
			name = "Supporting Files";
			sourceTree = "<group>";
		};
/* End PBXGroup section */

/* Begin PBXNativeTarget section */
		D0B97FF8145600A800D444B2 /* CustomTabBar */ = {
			isa = PBXNativeTarget;
			buildConfigurationList = D0B98011145600A800D444B2 /* Build configuration list for PBXNativeTarget "CustomTabBar" */;
			buildPhases = (
				D0B97FF5145600A800D444B2 /* Sources */,
				D0B97FF6145600A800D444B2 /* Frameworks */,
				D0B97FF7145600A800D444B2 /* Resources */,
			);
			buildRules = (
			);
			dependencies = (
			);
			name = CustomTabBar;
			productName = CustomTabBar;
			productReference = D0B97FF9145600A800D444B2 /* CustomTabBar.app */;
			productType = "com.apple.product-type.application";
		};
/* End PBXNativeTarget section */

/* Begin PBXProject section */
		D0B97FF0145600A800D444B2 /* Project object */ = {
			isa = PBXProject;
			attributes = {
				LastUpgradeCheck = 0420;
			};
			buildConfigurationList = D0B97FF3145600A800D444B2 /* Build configuration list for PBXProject "CustomTabBar" */;
			compatibilityVersion = "Xcode 3.2";
			developmentRegion = English;
			hasScannedForEncodings = 0;
			knownRegions = (
				en,
			);
			mainGroup = D0B97FEE145600A800D444B2;
			productRefGroup = D0B97FFA145600A800D444B2 /* Products */;
			projectDirPath = "";
			projectRoot = "";
			targets = (
				D0B97FF8145600A800D444B2 /* CustomTabBar */,
			);
		};
/* End PBXProject section */

/* Begin PBXResourcesBuildPhase section */
		D0B97FF7145600A800D444B2 /* Resources */ = {
			isa = PBXResourcesBuildPhase;
			buildActionMask = 2147483647;
			files = (
				D0B98008145600A800D444B2 /* InfoPlist.strings in Resources */,
			);
			runOnlyForDeploymentPostprocessing = 0;
		};
/* End PBXResourcesBuildPhase section */

/* Begin PBXSourcesBuildPhase section */
		D0B97FF5145600A800D444B2 /* Sources */ = {
			isa = PBXSourcesBuildPhase;
			buildActionMask = 2147483647;
			files = (
				D0B9800A145600A800D444B2 /* main.m in Sources */,
				D0B9800E145600A800D444B2 /* HBAppDelegate.m in Sources */,
			);
			runOnlyForDeploymentPostprocessing = 0;
		};
/* End PBXSourcesBuildPhase section */

/* Begin PBXVariantGroup section */
		D0B98006145600A800D444B2 /* InfoPlist.strings */ = {
			isa = PBXVariantGroup;
			children = (
				D0B98007145600A800D444B2 /* en */,
			);
			name = InfoPlist.strings;
			sourceTree = "<group>";
		};
/* End PBXVariantGroup section */

/* Begin XCBuildConfiguration section */
		D0B9800F145600A800D444B2 /* Debug */ = {
			isa = XCBuildConfiguration;
			buildSettings = {
				ALWAYS_SEARCH_USER_PATHS = NO;
				ARCHS = "$(ARCHS_STANDARD_32_BIT)";
				"CODE_SIGN_IDENTITY[sdk=iphoneos*]" = "iPhone Developer";
				COPY_PHASE_STRIP = NO;
				GCC_C_LANGUAGE_STANDARD = gnu99;
				GCC_DYNAMIC_NO_PIC = NO;
				GCC_OPTIMIZATION_LEVEL = 0;
				GCC_PREPROCESSOR_DEFINITIONS = (
					"DEBUG=1",
					"$(inherited)",
				);
				GCC_SYMBOLS_PRIVATE_EXTERN = NO;
				GCC_VERSION = com.apple.compilers.llvm.clang.1_0;
				GCC_WARN_ABOUT_MISSING_PROTOTYPES = YES;
				GCC_WARN_ABOUT_RETURN_TYPE = YES;
				GCC_WARN_UNUSED_VARIABLE = YES;
				IPHONEOS_DEPLOYMENT_TARGET = 5.0;
				SDKROOT = iphoneos;
				TARGETED_DEVICE_FAMILY = "1,2";
			};
			name = Debug;
		};
		D0B98010145600A800D444B2 /* Release */ = {
			isa = XCBuildConfiguration;
			buildSettings = {
				ALWAYS_SEARCH_USER_PATHS = NO;
				ARCHS = "$(ARCHS_STANDARD_32_BIT)";
				"CODE_SIGN_IDENTITY[sdk=iphoneos*]" = "iPhone Developer";
				COPY_PHASE_STRIP = YES;
				GCC_C_LANGUAGE_STANDARD = gnu99;
				GCC_VERSION = com.apple.compilers.llvm.clang.1_0;
				GCC_WARN_ABOUT_MISSING_PROTOTYPES = YES;
				GCC_WARN_ABOUT_RETURN_TYPE = YES;
				GCC_WARN_UNUSED_VARIABLE = YES;
				IPHONEOS_DEPLOYMENT_TARGET = 5.0;
				OTHER_CFLAGS = "-DNS_BLOCK_ASSERTIONS=1";
				SDKROOT = iphoneos;
				TARGETED_DEVICE_FAMILY = "1,2";
				VALIDATE_PRODUCT = YES;
			};
			name = Release;
		};
		D0B98012145600A800D444B2 /* Debug */ = {
			isa = XCBuildConfiguration;
			buildSettings = {
				GCC_PRECOMPILE_PREFIX_HEADER = YES;
				GCC_PREFIX_HEADER = "CustomTabBar/CustomTabBar-Prefix.pch";
				INFOPLIST_FILE = "CustomTabBar/CustomTabBar-Info.plist";
				PRODUCT_NAME = "$(TARGET_NAME)";
				WRAPPER_EXTENSION = app;
			};
			name = Debug;
		};
		D0B98013145600A800D444B2 /* Release */ = {
			isa = XCBuildConfiguration;
			buildSettings = {
				GCC_PRECOMPILE_PREFIX_HEADER = YES;
				GCC_PREFIX_HEADER = "CustomTabBar/CustomTabBar-Prefix.pch";
				INFOPLIST_FILE = "CustomTabBar/CustomTabBar-Info.plist";
				PRODUCT_NAME = "$(TARGET_NAME)";
				WRAPPER_EXTENSION = app;
			};
			name = Release;
		};
/* End XCBuildConfiguration section */

/* Begin XCConfigurationList section */
		D0B97FF3145600A800D444B2 /* Build configuration list for PBXProject "CustomTabBar" */ = {
			isa = XCConfigurationList;
			buildConfigurations = (
				D0B9800F145600A800D444B2 /* Debug */,
				D0B98010145600A800D444B2 /* Release */,
			);
			defaultConfigurationIsVisible = 0;
			defaultConfigurationName = Release;
		};
		D0B98011145600A800D444B2 /* Build configuration list for PBXNativeTarget "CustomTabBar" */ = {
			isa = XCConfigurationList;
			buildConfigurations = (
				D0B98012145600A800D444B2 /* Debug */,
				D0B98013145600A800D444B2 /* Release */,
			);
			defaultConfigurationIsVisible = 0;
		};
/* End XCConfigurationList section */
	};
	rootObject = D0B97FF0145600A800D444B2 /* Project object */;
}
